
Microsoft Visual Studio Solution File, Format Version 12.00
# Visual Studio 2013
VisualStudioVersion = 12.0.31101.0
MinimumVisualStudioVersion = 10.0.40219.1
Project("{8BC9CEB8-8B4A-11D0-8D11-00A0C91BC942}") = "RakNetP2PExample", "RakNetP2PExample\RakNetP2PExample.vcxproj", "{9A55E246-DC74-4967-B980-08A801E94979}"
EndProject
Project("{8BC9CEB8-8B4A-11D0-8D11-00A0C91BC942}") = "CardsAgainstHumanity", "CardsAgainstHumanity\CardsAgainstHumanity.vcxproj", "{D83329C3-658C-4CD6-A1C2-20A0B270EE58}"
EndProject
Global
	GlobalSection(SolutionConfigurationPlatforms) = preSolution
		Debug|Win32 = Debug|Win32
		Release|Win32 = Release|Win32
	EndGlobalSection
	GlobalSection(ProjectConfigurationPlatforms) = postSolution
		{9A55E246-DC74-4967-B980-08A801E94979}.Debug|Win32.ActiveCfg = Debug|Win32
		{9A55E246-DC74-4967-B980-08A801E94979}.Debug|Win32.Build.0 = Debug|Win32
		{9A55E246-DC74-4967-B980-08A801E94979}.Release|Win32.ActiveCfg = Release|Win32
		{9A55E246-DC74-4967-B980-08A801E94979}.Release|Win32.Build.0 = Release|Win32
		{D83329C3-658C-4CD6-A1C2-20A0B270EE58}.Debug|Win32.ActiveCfg = Debug|Win32
		{D83329C3-658C-4CD6-A1C2-20A0B270EE58}.Debug|Win32.Build.0 = Debug|Win32
		{D83329C3-658C-4CD6-A1C2-20A0B270EE58}.Release|Win32.ActiveCfg = Release|Win32
		{D83329C3-658C-4CD6-A1C2-20A0B270EE58}.Release|Win32.Build.0 = Release|Win32
	EndGlobalSection
	GlobalSection(SolutionProperties) = preSolution
		HideSolutionNode = FALSE
	EndGlobalSection
EndGlobal
